
Microsoft Visual Studio Solution File, Format Version 12.00
# Visual Studio Version 16
VisualStudioVersion = 16.0.29009.5
MinimumVisualStudioVersion = 10.0.40219.1
Project("{FAE04EC0-301F-11D3-BF4B-00C04F79EFBC}") = "ExNameChanger", "ExNameChanger.csproj", "{4F9C97FC-E147-42B0-85F7-32D20BD53CAC}"
EndProject
Project("{FAE04EC0-301F-11D3-BF4B-00C04F79EFBC}") = "ConsoleApp", "..\..\ConsoleApp\ConsoleApp\ConsoleApp.csproj", "{27E778D2-BBA4-4FBC-BF9F-C7D227D1F5FB}"
EndProject
Global
	GlobalSection(SolutionConfigurationPlatforms) = preSolution
		Debug|Any CPU = Debug|Any CPU
		Release|Any CPU = Release|Any CPU
	EndGlobalSection
	GlobalSection(ProjectConfigurationPlatforms) = postSolution
		{4F9C97FC-E147-42B0-85F7-32D20BD53CAC}.Debug|Any CPU.ActiveCfg = Debug|Any CPU
		{4F9C97FC-E147-42B0-85F7-32D20BD53CAC}.Debug|Any CPU.Build.0 = Debug|Any CPU
		{4F9C97FC-E147-42B0-85F7-32D20BD53CAC}.Release|Any CPU.ActiveCfg = Release|Any CPU
		{4F9C97FC-E147-42B0-85F7-32D20BD53CAC}.Release|Any CPU.Build.0 = Release|Any CPU
		{27E778D2-BBA4-4FBC-BF9F-C7D227D1F5FB}.Debug|Any CPU.ActiveCfg = Debug|Any CPU
		{27E778D2-BBA4-4FBC-BF9F-C7D227D1F5FB}.Debug|Any CPU.Build.0 = Debug|Any CPU
		{27E778D2-BBA4-4FBC-BF9F-C7D227D1F5FB}.Release|Any CPU.ActiveCfg = Release|Any CPU
		{27E778D2-BBA4-4FBC-BF9F-C7D227D1F5FB}.Release|Any CPU.Build.0 = Release|Any CPU
	EndGlobalSection
	GlobalSection(SolutionProperties) = preSolution
		HideSolutionNode = FALSE
	EndGlobalSection
	GlobalSection(ExtensibilityGlobals) = postSolution
		SolutionGuid = {28006DE9-50D5-4AF3-A924-E97DDBDC7480}
	EndGlobalSection
EndGlobal
