
Microsoft Visual Studio Solution File, Format Version 12.00
# Visual Studio Version 16
VisualStudioVersion = 16.0.29009.5
MinimumVisualStudioVersion = 10.0.40219.1
Project("{FAE04EC0-301F-11D3-BF4B-00C04F79EFBC}") = "MonitorApp", "MonitorApp\MonitorApp.csproj", "{64ADB358-E53A-4518-B54D-2E861E6D753C}"
EndProject
Project("{FAE04EC0-301F-11D3-BF4B-00C04F79EFBC}") = "ExNameChanger", "ExNameChanger\ExNameChanger.csproj", "{4F9C97FC-E147-42B0-85F7-32D20BD53CAC}"
EndProject
Project("{FAE04EC0-301F-11D3-BF4B-00C04F79EFBC}") = "ThriftServiceApp", "ThriftServiceApp\ThriftServiceApp.csproj", "{B5922990-9B30-4B4E-BE32-D16D56C6EDC6}"
EndProject
Project("{FAE04EC0-301F-11D3-BF4B-00C04F79EFBC}") = "NLogApp", "NLogApp\NLogApp.csproj", "{31631BF1-37D3-47C6-8720-0222215FC6D6}"
EndProject
Project("{FAE04EC0-301F-11D3-BF4B-00C04F79EFBC}") = "AppDomainTestApp", "AppDomainTestApp\AppDomainTestApp.csproj", "{53B55EF6-D372-465B-882B-C78757BAAFED}"
EndProject
Project("{FAE04EC0-301F-11D3-BF4B-00C04F79EFBC}") = "Common", "Common\Common.csproj", "{13109822-86FE-41F5-BAD8-CC76371D28EB}"
EndProject
Global
	GlobalSection(SolutionConfigurationPlatforms) = preSolution
		Debug|Any CPU = Debug|Any CPU
		Release|Any CPU = Release|Any CPU
	EndGlobalSection
	GlobalSection(ProjectConfigurationPlatforms) = postSolution
		{64ADB358-E53A-4518-B54D-2E861E6D753C}.Debug|Any CPU.ActiveCfg = Debug|Any CPU
		{64ADB358-E53A-4518-B54D-2E861E6D753C}.Debug|Any CPU.Build.0 = Debug|Any CPU
		{64ADB358-E53A-4518-B54D-2E861E6D753C}.Release|Any CPU.ActiveCfg = Release|Any CPU
		{64ADB358-E53A-4518-B54D-2E861E6D753C}.Release|Any CPU.Build.0 = Release|Any CPU
		{4F9C97FC-E147-42B0-85F7-32D20BD53CAC}.Debug|Any CPU.ActiveCfg = Debug|Any CPU
		{4F9C97FC-E147-42B0-85F7-32D20BD53CAC}.Debug|Any CPU.Build.0 = Debug|Any CPU
		{4F9C97FC-E147-42B0-85F7-32D20BD53CAC}.Release|Any CPU.ActiveCfg = Release|Any CPU
		{4F9C97FC-E147-42B0-85F7-32D20BD53CAC}.Release|Any CPU.Build.0 = Release|Any CPU
		{B5922990-9B30-4B4E-BE32-D16D56C6EDC6}.Debug|Any CPU.ActiveCfg = Debug|Any CPU
		{B5922990-9B30-4B4E-BE32-D16D56C6EDC6}.Debug|Any CPU.Build.0 = Debug|Any CPU
		{B5922990-9B30-4B4E-BE32-D16D56C6EDC6}.Release|Any CPU.ActiveCfg = Release|Any CPU
		{B5922990-9B30-4B4E-BE32-D16D56C6EDC6}.Release|Any CPU.Build.0 = Release|Any CPU
		{31631BF1-37D3-47C6-8720-0222215FC6D6}.Debug|Any CPU.ActiveCfg = Debug|Any CPU
		{31631BF1-37D3-47C6-8720-0222215FC6D6}.Debug|Any CPU.Build.0 = Debug|Any CPU
		{31631BF1-37D3-47C6-8720-0222215FC6D6}.Release|Any CPU.ActiveCfg = Release|Any CPU
		{31631BF1-37D3-47C6-8720-0222215FC6D6}.Release|Any CPU.Build.0 = Release|Any CPU
		{13109822-86FE-41F5-BAD8-CC76371D28EB}.Debug|Any CPU.ActiveCfg = Debug|Any CPU
		{13109822-86FE-41F5-BAD8-CC76371D28EB}.Debug|Any CPU.Build.0 = Debug|Any CPU
		{13109822-86FE-41F5-BAD8-CC76371D28EB}.Release|Any CPU.ActiveCfg = Release|Any CPU
		{13109822-86FE-41F5-BAD8-CC76371D28EB}.Release|Any CPU.Build.0 = Release|Any CPU
	EndGlobalSection
	GlobalSection(SolutionProperties) = preSolution
		HideSolutionNode = FALSE
	EndGlobalSection
	GlobalSection(ExtensibilityGlobals) = postSolution
		SolutionGuid = {28006DE9-50D5-4AF3-A924-E97DDBDC7480}
	EndGlobalSection
EndGlobal
